
Microsoft Visual Studio Solution File, Format Version 12.00
# Visual Studio 15
VisualStudioVersion = 15.0.27703.2047
MinimumVisualStudioVersion = 10.0.40219.1
Project("{FAE04EC0-301F-11D3-BF4B-00C04F79EFBC}") = "Switchboard.Server", "Switchboard.Server\Switchboard.Server.csproj", "{29ECD129-85AD-417A-A690-FDEE2C97AFEA}"
EndProject
Project("{FAE04EC0-301F-11D3-BF4B-00C04F79EFBC}") = "Switchboard.Server.Tests", "Switchboard.Server.Tests\Switchboard.Server.Tests.csproj", "{985186E3-E8F0-485E-8F3C-855DFD31279E}"
EndProject
Project("{FAE04EC0-301F-11D3-BF4B-00C04F79EFBC}") = "Switchboard.ConsoleHost", "Samples\Switchboard.ConsoleHost\Switchboard.ConsoleHost.csproj", "{3BF99ED4-6966-4B2B-BFCB-DB69B39D999A}"
EndProject
Global
	GlobalSection(SolutionConfigurationPlatforms) = preSolution
		Debug|Any CPU = Debug|Any CPU
		Release|Any CPU = Release|Any CPU
	EndGlobalSection
	GlobalSection(ProjectConfigurationPlatforms) = postSolution
		{29ECD129-85AD-417A-A690-FDEE2C97AFEA}.Debug|Any CPU.ActiveCfg = Debug|Any CPU
		{29ECD129-85AD-417A-A690-FDEE2C97AFEA}.Debug|Any CPU.Build.0 = Debug|Any CPU
		{29ECD129-85AD-417A-A690-FDEE2C97AFEA}.Release|Any CPU.ActiveCfg = Release|Any CPU
		{29ECD129-85AD-417A-A690-FDEE2C97AFEA}.Release|Any CPU.Build.0 = Release|Any CPU
		{985186E3-E8F0-485E-8F3C-855DFD31279E}.Debug|Any CPU.ActiveCfg = Debug|Any CPU
		{985186E3-E8F0-485E-8F3C-855DFD31279E}.Debug|Any CPU.Build.0 = Debug|Any CPU
		{985186E3-E8F0-485E-8F3C-855DFD31279E}.Release|Any CPU.ActiveCfg = Release|Any CPU
		{985186E3-E8F0-485E-8F3C-855DFD31279E}.Release|Any CPU.Build.0 = Release|Any CPU
		{3BF99ED4-6966-4B2B-BFCB-DB69B39D999A}.Debug|Any CPU.ActiveCfg = Debug|Any CPU
		{3BF99ED4-6966-4B2B-BFCB-DB69B39D999A}.Debug|Any CPU.Build.0 = Debug|Any CPU
		{3BF99ED4-6966-4B2B-BFCB-DB69B39D999A}.Release|Any CPU.ActiveCfg = Release|Any CPU
		{3BF99ED4-6966-4B2B-BFCB-DB69B39D999A}.Release|Any CPU.Build.0 = Release|Any CPU
	EndGlobalSection
	GlobalSection(SolutionProperties) = preSolution
		HideSolutionNode = FALSE
	EndGlobalSection
	GlobalSection(ExtensibilityGlobals) = postSolution
		SolutionGuid = {E1A65CD1-D175-49FA-A6CB-B9F3A0EC2E5A}
	EndGlobalSection
EndGlobal
